
Microsoft Visual Studio Solution File, Format Version 12.00
# Visual Studio Version 16
VisualStudioVersion = 16.0.32802.440
MinimumVisualStudioVersion = 10.0.40219.1
Project("{FAE04EC0-301F-11D3-BF4B-00C04F79EFBC}") = "Hubbell", "Hubbell.csproj", "{2CD2ECCD-DE0D-47D8-87D5-E135580C6CD6}"
EndProject
Global
	GlobalSection(SolutionConfigurationPlatforms) = preSolution
		Debug|Any CPU = Debug|Any CPU
		Release|Any CPU = Release|Any CPU
	EndGlobalSection
	GlobalSection(ProjectConfigurationPlatforms) = postSolution
		{2CD2ECCD-DE0D-47D8-87D5-E135580C6CD6}.Debug|Any CPU.ActiveCfg = Debug|Any CPU
		{2CD2ECCD-DE0D-47D8-87D5-E135580C6CD6}.Debug|Any CPU.Build.0 = Debug|Any CPU
		{2CD2ECCD-DE0D-47D8-87D5-E135580C6CD6}.Release|Any CPU.ActiveCfg = Release|Any CPU
		{2CD2ECCD-DE0D-47D8-87D5-E135580C6CD6}.Release|Any CPU.Build.0 = Release|Any CPU
	EndGlobalSection
	GlobalSection(SolutionProperties) = preSolution
		HideSolutionNode = FALSE
	EndGlobalSection
	GlobalSection(ExtensibilityGlobals) = postSolution
		SolutionGuid = {838389E1-B7CC-480C-8CDE-06B60AD2A9F0}
	EndGlobalSection
EndGlobal
